# Python 3.11, Windows x86_64, CPU only. Install with uv pip sync --require-hashes --no-build.
# Resolved 2026-09-12. Exact wheel hashes; Linux/Jetson needs its own lock.
asttokens==3.0.2 --hash=sha256:9da13157f5b28becde0bd374fc677dcd3c290614264eff096f167c469cd9f933
cachetools==7.1.8 --hash=sha256:a81e3844acaa7355b6567f97bd67a94a14ec3a9bc2cbbdae45b9592cc036775b
certifi==2022.12.7 --hash=sha256:4ad3232f5e926d6718ec31cfc1fcadfde020920e278684144551c91769c7bc18
cffi==2.1.1 --hash=sha256:42f6930c31dc7f50732c9ae793c2786c7b6b044195967bbdde40bb9be81c4cc0
charset-normalizer==2.1.1 --hash=sha256:83e9a75d1911279afd89352c68b45348559d1fc0506b054b346651b5e7fee29f
cloudpickle==3.1.2 --hash=sha256:9acb47f6afd73f60dc1df93bb801b472f05ff42fa6c84167d25cb206be1fbf4a
colorama==0.4.6 --hash=sha256:4f1d9991f5acc0ca119f9d443620b77f9d6b33703e51011c16baf57afb285fc6
contourpy==1.3.3 --hash=sha256:3519428f6be58431c56581f1694ba8e50626f2dd550af225f82fb5f5814d2a42
cryptography==50.0.1 --hash=sha256:aed8db4f6d71c51efb89530e12d9464e7bf2923d46c3205dc794a2a93f8c0648
cycler==0.12.1 --hash=sha256:85cef7cff222d8644161529808465972e51340599459b8ac3ccbac5a854e0d30
datamate==1.0.0 --hash=sha256:0eb22107785354b81563915cfd3c946ee933c2a7bc8fc9af935cc2fe5494a5ab
executing==2.2.1 --hash=sha256:760643d3452b4d777d295bb167ccc74c64a81df23fb5e08eff250c425a4b2017
ffmpeg-python==0.2.0 --hash=sha256:ac441a0404e053f8b6a1113a77c0f452f1cfc62f6344a769475ffdc0f56c23c5
filelock==3.32.3 --hash=sha256:7f0ca4bcc0e181c60dbbd8aa9ab5b120ebb99e4e064e83636340056f833a1f09
flyvis==1.2.0 --hash=sha256:af365b16e870111fcb06782a063f6551b05cce9a105c6eaab9c0bda3b017031f
fonttools==4.65.0 --hash=sha256:3060b8c1fc2329fa20265b7c138614143ea7c1624e26c5c180c76aeb74deae6f
fsspec==2026.7.0 --hash=sha256:b57ddbafedfaef7018c1ecab32aa200a9d7ca26b77965f64e48b70061249d279
future==1.0.0 --hash=sha256:929292d34f5872e70396626ef385ec22355a1fae8ad29e1a734c3e43f9fbc216
google-api-core==2.30.3 --hash=sha256:a85761ba72c444dad5d611c2220633480b2b6be2521eca69cca2dbb3ffd6bfe8
google-api-python-client==2.200.0 --hash=sha256:c0c2c4072a110b7fcc30ac151744d4410cddaba99c53cb4e815463308952b638
google-auth==2.58.0 --hash=sha256:8a9c4645bb4c8e91668fb1934b95ae6a8687084232753639220ba9bf04a1610d
google-auth-httplib2==0.4.2 --hash=sha256:4298dd6b1415972d0c464b7177e6a69a595e7aec5b972222ecdca342f6009647
googleapis-common-protos==1.75.3 --hash=sha256:a018d2bf098ca9fb6faa08d5bb780e2a2c2f73c566f069761331386c9596d3f2
h5py==3.16.0 --hash=sha256:17d1f1630f92ad74494a9a7392ab25982ce2b469fc62da6074c0ce48366a2999
httplib2==0.32.0 --hash=sha256:dc6705cacdf3fb0a2aba7629fa33c90fd93e30035db0c157325826be177e4816
hydra-core==0.11.3 --hash=sha256:43ef27b4a32a70cbf566b10bd198def5c5d03cab212d4ea49e744aeb0c14a6b7
idna==3.4 --hash=sha256:90b77e79eaa3eba6de819a0c442c0b4ceefc341a7a2ab77d7562bf49f425c5c2
iniconfig==2.3.0 --hash=sha256:f631c04d2c48c52b84d0d0549c99ff3859c98df65b3101406327ecc7d53fbf12
ipython==9.17.1 --hash=sha256:6d1645743cfd1a07eb695d85aa2b5fa66721f8cbae9431d4049f7084bbf06509
ipython-pygments-lexers==1.1.1 --hash=sha256:a9462224a505ade19a605f71f8fa63c2048833ce50abc86768a0d81d876dc81c
jedi==0.20.0 --hash=sha256:7bdd9c2634f56713299976f4cbd59cb3fa92165cc5e05ea811fb253480728b67
jinja2==3.1.6 --hash=sha256:85ece4451f492d0c13c5dd7c13a64681a86afae63a5f347908daf103ce6d2f67
joblib==1.6.0 --hash=sha256:3dbbf9f6e4b592a2357b854608e980fe6390d131d7a82f011a377ef2ebef7aba
kiwisolver==1.5.1 --hash=sha256:1a7587dc335f2c0f5bd577fd0540bd16c66006bdb60f759a1059f025e6c4f071
llvmlite==0.49.0 --hash=sha256:6a5b06c1b5fc4ae4c9b169b065f42b719448ef1f873687ef224ef69969b75ec3
markupsafe==3.0.3 --hash=sha256:de8a88e63464af587c950061a5e6a67d3632e36df62b986892331d4620a35c01
matplotlib==3.7.1 --hash=sha256:c0bd19c72ae53e6ab979f0ac6a3fafceb02d2ecafa023c5cca47acd934d10be7
matplotlib-inline==0.2.2 --hash=sha256:3c821cf1c209f59fb2d2d64abbf5b23b67bcb2210d663f9918dd851c6da1fcf6
mpmath==1.3.0 --hash=sha256:a0b2b9fe80bbcd81a6647ff13108738cfb482d481d826cc0e02f5b35e5c88d2c
networkx==3.6.1 --hash=sha256:d47fbf302e7d9cbbb9e2555a0d267983d2aa476bac30e90dfbe5669bd57f3762
numba==0.67.0 --hash=sha256:cfba1ac34f0363fb1a250a10e97240780d11e05227892f7286b26fbfd0ad58ce
numpy==1.26.4 --hash=sha256:cd25bcecc4974d09257ffcd1f098ee778f7834c3ad767fe5db785be9a4aa9cb2
omegaconf==1.4.1 --hash=sha256:01c9f93c3578dce7d42ce06f3d1305437322234ccc1accfc71d344d5e17413a1
packaging==24.1 --hash=sha256:5b8f2217dbdbd2f7f384c41c628544e6d52f2d0f53c6d0c3ea61aa5d1d7ff124
pandas==2.2.2 --hash=sha256:873d13d177501a28b2756375d59816c365e42ed8417b41665f346289adc68d24
parso==0.8.7 --hash=sha256:a8926eb2a1b915486941fdbd31e86a4baf88fe8c210f25f2f35ecec5b574ca1c
pillow==12.3.0 --hash=sha256:8e95e1385e4998ae9694eeaa4730ba5457ff61185b3a55e2e7bea0880aef452a
pluggy==1.6.0 --hash=sha256:e920276dd6813095e9377c0bc5566d94c932c33b27a3e3945d8389c374dd4746
prompt-toolkit==3.0.53 --hash=sha256:01c0891d7f9237d5e339f7d3e42cdae80b7534abb1c7c0e3352efba6231492f2
proto-plus==1.28.4 --hash=sha256:4b01341272f8a348db3f003b6143109f83ab43091019d5181b3fcdf500ab32aa
protobuf==7.36.1 --hash=sha256:7d951e46b3f963d6c264c367c437921de9d5aedd9c3f9612b9077736b4e3ad5c
psutil==7.2.2 --hash=sha256:eb7e81434c8d223ec4a219b5fc1c47d0417b12be7ea866e24fb5ad6e84b3d988
pure-eval==0.2.4 --hash=sha256:96cae060a313cfaad51bb761278bfb0e62dc0248d9315a81173752dc546cd37a
pyasn1==0.6.4 --hash=sha256:deda9277cfd454080ec40b207fb6df82206a3a2688735233cdcd8d3d565f088b
pyasn1-modules==0.4.2 --hash=sha256:29253a9207ce32b64c3ac6600edc75368f98473906e8fd1043bd6b5b1de2c14a
pycparser==3.0 --hash=sha256:b727414169a36b7d524c1c3e31839a521725078d7b2ff038656844266160a992
pygments==2.21.0 --hash=sha256:2363c69b61c4a97c838da3b130dcd6468f4848992b21a82f2a63ec34377137d9
pynndescent==0.6.0 --hash=sha256:dc8c74844e4c7f5cbd1e0cd6909da86fdc789e6ff4997336e344779c3d5538ef
pyparsing==3.3.2 --hash=sha256:850ba148bd908d7e2411587e247a1e4f0327839c40e2e5e6d05a007ecc69911d
pytest==9.1.1 --hash=sha256:37a86b45efb9a47a61a36449063e8e18d0cab3161329fc099eb21783169c4f0c
python-dateutil==2.9.0.post0 --hash=sha256:a8b2bc7bffae282281c8140a97d3aa9c14da0b136dfe83f850eea9a5f7470427
python-dotenv==1.2.3 --hash=sha256:904552145e8bfed22162c09dab1c2b9b54fefa7b23ba780f4f26ca0316b0f0d9
pytz==2026.3.post1 --hash=sha256:dd95840dd199baea12d9cc096a1d452caa6596a1c1e4b5f3dbd1541855d5e815
pyyaml==6.0.3 --hash=sha256:9f3bfb4965eb874431221a3ff3fdcddc7e74e3b07799e0e84ca4a0f867d449bf
requests==2.28.1 --hash=sha256:8fefa2a1a1365bf5520aac41836fbee479da67864514bdb821f31ce07ce65349
ruamel-yaml==0.19.1 --hash=sha256:27592957fedf6e0b62f281e96effd28043345e0e66001f97683aa9a40c667c93
scikit-learn==1.5.2 --hash=sha256:6c16d84a0d45e4894832b3c4d0bf73050939e21b99b01b6fd59cbb0cf39163b6
scipy==1.17.1 --hash=sha256:d30e57c72013c2a4fe441c2fcb8e77b14e152ad48b5464858e07e2ad9fbfceff
six==1.17.0 --hash=sha256:4721f391ed90541fddacab5acf947aa0d3dc7d27b2e1e8eda2be8970586c3274
stack-data==0.6.3 --hash=sha256:d5558e0c25a4cb0853cddad3d77da9891a08cb85dd9f9f91b9f8cd66e511e695
sympy==1.14.0 --hash=sha256:e091cc3e99d2141a0ba2847328f5479b05d94a6635cb96148ccb3f34671bd8f5
threadpoolctl==3.6.0 --hash=sha256:43a0b8fd5a2928500110039e43a5eed8480b918967083ea48dc3ab9f13c4a7fb
toolz==1.1.0 --hash=sha256:15ccc861ac51c53696de0a5d6d4607f99c210739caf987b5d2054f3efed429d8
tqdm==4.66.5 --hash=sha256:90279a3770753eafc9194a0364852159802111925aa30eb3f9d85b0e805ac7cd
traitlets==5.16.1 --hash=sha256:f775618166caa0396c8e337099240f2bd3e5e917d203b2e6fbe21a58d3cb1f6b
typing-extensions==4.16.0 --hash=sha256:481caa481374e813c1b176ada14e97f1f67a4539ce9cfeb3f350d78d6370c2e8
tzdata==2026.4 --hash=sha256:c2169a8b0a7a5e9674da5a135ccdfb2b3e671b333ed9fed17b41f73c34476e81
umap-learn==0.5.7 --hash=sha256:6a7e0be2facfa365a5ed6588447102bdbef32a0ef449535c25c97ea7e680073c
uritemplate==4.2.0 --hash=sha256:962201ba1c4edcab02e60f9a0d3821e82dfc5d2d6662a21abd533879bdb8a686
urllib3==1.26.13 --hash=sha256:47cc05d99aaa09c9e72ed5809b60e7ba354e64b59c9c173ac3018642d8bb41fc
wcwidth==0.8.3 --hash=sha256:d5b73dba6158a595ec9370350e7f2637bcac8d6c5e4fde34f30fcffb6103a5e4
xarray==2023.7.0 --hash=sha256:af8b55bf78b792b8ad9326eb9d89980602f1a51e93d8465b445aeea3accca27e
torch @ https://download.pytorch.org/whl/cpu/torch-2.7.1%2Bcpu-cp311-cp311-win_amd64.whl#sha256=7b977eccbc85ae2bd19d6998de7b1f1f4bd3c04eaffd3015deb7934389783399
torchvision @ https://download.pytorch.org/whl/cpu/torchvision-0.22.1%2Bcpu-cp311-cp311-win_amd64.whl#sha256=9482adee074f60a45fd69892f7488281aadfda7836948c94b0a9b0caf55d1d67
